// !$*UTF8*$!
{
	archiveVersion = 1;
	classes = {
	};
	objectVersion = 50;
	objects = {

/* Begin PBXBuildFile section */
		4019738825C8175000ED880B /* main.m in Sources */ = {isa = PBXBuildFile; fileRef = 4019738725C8175000ED880B /* main.m */; };
		4019739025C81A9700ED880B /* main.m in Sources */ = {isa = PBXBuildFile; fileRef = 4019738F25C81A9700ED880B /* main.m */; };
		403AD28C25C93B45000F63A2 /* main.m in Sources */ = {isa = PBXBuildFile; fileRef = 403AD28B25C93B45000F63A2 /* main.m */; };
/* End PBXBuildFile section */

/* Begin PBXCopyFilesBuildPhase section */
		4019737B25C8167800ED880B /* CopyFiles */ = {
			isa = PBXCopyFilesBuildPhase;
			buildActionMask = 2147483647;
			dstPath = /usr/share/man/man1/;
			dstSubfolderSpec = 0;
			files = (
			);
			runOnlyForDeploymentPostprocessing = 1;
		};
		4019738B25C81A9700ED880B /* CopyFiles */ = {
			isa = PBXCopyFilesBuildPhase;
			buildActionMask = 2147483647;
			dstPath = /usr/share/man/man1/;
			dstSubfolderSpec = 0;
			files = (
			);
			runOnlyForDeploymentPostprocessing = 1;
		};
		403AD28725C93B45000F63A2 /* CopyFiles */ = {
			isa = PBXCopyFilesBuildPhase;
			buildActionMask = 2147483647;
			dstPath = /usr/share/man/man1/;
			dstSubfolderSpec = 0;
			files = (
			);
			runOnlyForDeploymentPostprocessing = 1;
		};
/* End PBXCopyFilesBuildPhase section */

/* Begin PBXFileReference section */
		4019737D25C8167800ED880B /* NSObjectAnalysis */ = {isa = PBXFileReference; explicitFileType = "compiled.mach-o.executable"; includeInIndex = 0; path = NSObjectAnalysis; sourceTree = BUILT_PRODUCTS_DIR; };
		4019738725C8175000ED880B /* main.m */ = {isa = PBXFileReference; lastKnownFileType = sourcecode.c.objc; path = main.m; sourceTree = "<group>"; };
		4019738D25C81A9700ED880B /* NSObjectSubAnalysis */ = {isa = PBXFileReference; explicitFileType = "compiled.mach-o.executable"; includeInIndex = 0; path = NSObjectSubAnalysis; sourceTree = BUILT_PRODUCTS_DIR; };
		4019738F25C81A9700ED880B /* main.m */ = {isa = PBXFileReference; lastKnownFileType = sourcecode.c.objc; path = main.m; sourceTree = "<group>"; };
		403AD28925C93B45000F63A2 /* NSStringAnalysis */ = {isa = PBXFileReference; explicitFileType = "compiled.mach-o.executable"; includeInIndex = 0; path = NSStringAnalysis; sourceTree = BUILT_PRODUCTS_DIR; };
		403AD28B25C93B45000F63A2 /* main.m */ = {isa = PBXFileReference; lastKnownFileType = sourcecode.c.objc; path = main.m; sourceTree = "<group>"; };
/* End PBXFileReference section */

/* Begin PBXFrameworksBuildPhase section */
		4019737A25C8167800ED880B /* Frameworks */ = {
			isa = PBXFrameworksBuildPhase;
			buildActionMask = 2147483647;
			files = (
			);
			runOnlyForDeploymentPostprocessing = 0;
		};
		4019738A25C81A9700ED880B /* Frameworks */ = {
			isa = PBXFrameworksBuildPhase;
			buildActionMask = 2147483647;
			files = (
			);
			runOnlyForDeploymentPostprocessing = 0;
		};
		403AD28625C93B45000F63A2 /* Frameworks */ = {
			isa = PBXFrameworksBuildPhase;
			buildActionMask = 2147483647;
			files = (
			);
			runOnlyForDeploymentPostprocessing = 0;
		};
/* End PBXFrameworksBuildPhase section */

/* Begin PBXGroup section */
		4019737425C8167800ED880B = {
			isa = PBXGroup;
			children = (
				4019737F25C8167800ED880B /* NSObjectAnalysis */,
				4019738E25C81A9700ED880B /* NSObjectSubAnalysis */,
				403AD28A25C93B45000F63A2 /* NSStringAnalysis */,
				4019737E25C8167800ED880B /* Products */,
			);
			sourceTree = "<group>";
		};
		4019737E25C8167800ED880B /* Products */ = {
			isa = PBXGroup;
			children = (
				4019737D25C8167800ED880B /* NSObjectAnalysis */,
				4019738D25C81A9700ED880B /* NSObjectSubAnalysis */,
				403AD28925C93B45000F63A2 /* NSStringAnalysis */,
			);
			name = Products;
			sourceTree = "<group>";
		};
		4019737F25C8167800ED880B /* NSObjectAnalysis */ = {
			isa = PBXGroup;
			children = (
				4019738725C8175000ED880B /* main.m */,
			);
			path = NSObjectAnalysis;
			sourceTree = "<group>";
		};
		4019738E25C81A9700ED880B /* NSObjectSubAnalysis */ = {
			isa = PBXGroup;
			children = (
				4019738F25C81A9700ED880B /* main.m */,
			);
			path = NSObjectSubAnalysis;
			sourceTree = "<group>";
		};
		403AD28A25C93B45000F63A2 /* NSStringAnalysis */ = {
			isa = PBXGroup;
			children = (
				403AD28B25C93B45000F63A2 /* main.m */,
			);
			path = NSStringAnalysis;
			sourceTree = "<group>";
		};
/* End PBXGroup section */

/* Begin PBXNativeTarget section */
		4019737C25C8167800ED880B /* NSObjectAnalysis */ = {
			isa = PBXNativeTarget;
			buildConfigurationList = 4019738425C8167800ED880B /* Build configuration list for PBXNativeTarget "NSObjectAnalysis" */;
			buildPhases = (
				4019737925C8167800ED880B /* Sources */,
				4019737A25C8167800ED880B /* Frameworks */,
				4019737B25C8167800ED880B /* CopyFiles */,
			);
			buildRules = (
			);
			dependencies = (
			);
			name = NSObjectAnalysis;
			productName = OCMemoryAnalysis;
			productReference = 4019737D25C8167800ED880B /* NSObjectAnalysis */;
			productType = "com.apple.product-type.tool";
		};
		4019738C25C81A9700ED880B /* NSObjectSubAnalysis */ = {
			isa = PBXNativeTarget;
			buildConfigurationList = 4019739125C81A9700ED880B /* Build configuration list for PBXNativeTarget "NSObjectSubAnalysis" */;
			buildPhases = (
				4019738925C81A9700ED880B /* Sources */,
				4019738A25C81A9700ED880B /* Frameworks */,
				4019738B25C81A9700ED880B /* CopyFiles */,
			);
			buildRules = (
			);
			dependencies = (
			);
			name = NSObjectSubAnalysis;
			productName = Analysis2;
			productReference = 4019738D25C81A9700ED880B /* NSObjectSubAnalysis */;
			productType = "com.apple.product-type.tool";
		};
		403AD28825C93B45000F63A2 /* NSStringAnalysis */ = {
			isa = PBXNativeTarget;
			buildConfigurationList = 403AD28F25C93B45000F63A2 /* Build configuration list for PBXNativeTarget "NSStringAnalysis" */;
			buildPhases = (
				403AD28525C93B45000F63A2 /* Sources */,
				403AD28625C93B45000F63A2 /* Frameworks */,
				403AD28725C93B45000F63A2 /* CopyFiles */,
			);
			buildRules = (
			);
			dependencies = (
			);
			name = NSStringAnalysis;
			productName = NSStringAnalysis;
			productReference = 403AD28925C93B45000F63A2 /* NSStringAnalysis */;
			productType = "com.apple.product-type.tool";
		};
/* End PBXNativeTarget section */

/* Begin PBXProject section */
		4019737525C8167800ED880B /* Project object */ = {
			isa = PBXProject;
			attributes = {
				LastUpgradeCheck = 1170;
				ORGANIZATIONNAME = KiraLayo;
				TargetAttributes = {
					4019737C25C8167800ED880B = {
						CreatedOnToolsVersion = 11.7;
					};
					4019738C25C81A9700ED880B = {
						CreatedOnToolsVersion = 11.7;
					};
					403AD28825C93B45000F63A2 = {
						CreatedOnToolsVersion = 11.7;
					};
				};
			};
			buildConfigurationList = 4019737825C8167800ED880B /* Build configuration list for PBXProject "OCMemoryAnalysis" */;
			compatibilityVersion = "Xcode 9.3";
			developmentRegion = en;
			hasScannedForEncodings = 0;
			knownRegions = (
				en,
				Base,
			);
			mainGroup = 4019737425C8167800ED880B;
			productRefGroup = 4019737E25C8167800ED880B /* Products */;
			projectDirPath = "";
			projectRoot = "";
			targets = (
				4019737C25C8167800ED880B /* NSObjectAnalysis */,
				4019738C25C81A9700ED880B /* NSObjectSubAnalysis */,
				403AD28825C93B45000F63A2 /* NSStringAnalysis */,
			);
		};
/* End PBXProject section */

/* Begin PBXSourcesBuildPhase section */
		4019737925C8167800ED880B /* Sources */ = {
			isa = PBXSourcesBuildPhase;
			buildActionMask = 2147483647;
			files = (
				4019738825C8175000ED880B /* main.m in Sources */,
			);
			runOnlyForDeploymentPostprocessing = 0;
		};
		4019738925C81A9700ED880B /* Sources */ = {
			isa = PBXSourcesBuildPhase;
			buildActionMask = 2147483647;
			files = (
				4019739025C81A9700ED880B /* main.m in Sources */,
			);
			runOnlyForDeploymentPostprocessing = 0;
		};
		403AD28525C93B45000F63A2 /* Sources */ = {
			isa = PBXSourcesBuildPhase;
			buildActionMask = 2147483647;
			files = (
				403AD28C25C93B45000F63A2 /* main.m in Sources */,
			);
			runOnlyForDeploymentPostprocessing = 0;
		};
/* End PBXSourcesBuildPhase section */

/* Begin XCBuildConfiguration section */
		4019738225C8167800ED880B /* Debug */ = {
			isa = XCBuildConfiguration;
			buildSettings = {
				ALWAYS_SEARCH_USER_PATHS = NO;
				CLANG_ANALYZER_NONNULL = YES;
				CLANG_ANALYZER_NUMBER_OBJECT_CONVERSION = YES_AGGRESSIVE;
				CLANG_CXX_LANGUAGE_STANDARD = "gnu++14";
				CLANG_CXX_LIBRARY = "libc++";
				CLANG_ENABLE_MODULES = YES;
				CLANG_ENABLE_OBJC_ARC = YES;
				CLANG_ENABLE_OBJC_WEAK = YES;
				CLANG_WARN_BLOCK_CAPTURE_AUTORELEASING = YES;
				CLANG_WARN_BOOL_CONVERSION = YES;
				CLANG_WARN_COMMA = YES;
				CLANG_WARN_CONSTANT_CONVERSION = YES;
				CLANG_WARN_DEPRECATED_OBJC_IMPLEMENTATIONS = YES;
				CLANG_WARN_DIRECT_OBJC_ISA_USAGE = YES_ERROR;
				CLANG_WARN_DOCUMENTATION_COMMENTS = YES;
				CLANG_WARN_EMPTY_BODY = YES;
				CLANG_WARN_ENUM_CONVERSION = YES;
				CLANG_WARN_INFINITE_RECURSION = YES;
				CLANG_WARN_INT_CONVERSION = YES;
				CLANG_WARN_NON_LITERAL_NULL_CONVERSION = YES;
				CLANG_WARN_OBJC_IMPLICIT_RETAIN_SELF = YES;
				CLANG_WARN_OBJC_LITERAL_CONVERSION = YES;
				CLANG_WARN_OBJC_ROOT_CLASS = YES_ERROR;
				CLANG_WARN_RANGE_LOOP_ANALYSIS = YES;
				CLANG_WARN_STRICT_PROTOTYPES = YES;
				CLANG_WARN_SUSPICIOUS_MOVE = YES;
				CLANG_WARN_UNGUARDED_AVAILABILITY = YES_AGGRESSIVE;
				CLANG_WARN_UNREACHABLE_CODE = YES;
				CLANG_WARN__DUPLICATE_METHOD_MATCH = YES;
				COPY_PHASE_STRIP = NO;
				DEBUG_INFORMATION_FORMAT = dwarf;
				ENABLE_STRICT_OBJC_MSGSEND = YES;
				ENABLE_TESTABILITY = YES;
				GCC_C_LANGUAGE_STANDARD = gnu11;
				GCC_DYNAMIC_NO_PIC = NO;
				GCC_NO_COMMON_BLOCKS = YES;
				GCC_OPTIMIZATION_LEVEL = 0;
				GCC_PREPROCESSOR_DEFINITIONS = (
					"DEBUG=1",
					"$(inherited)",
				);
				GCC_WARN_64_TO_32_BIT_CONVERSION = YES;
				GCC_WARN_ABOUT_RETURN_TYPE = YES_ERROR;
				GCC_WARN_UNDECLARED_SELECTOR = YES;
				GCC_WARN_UNINITIALIZED_AUTOS = YES_AGGRESSIVE;
				GCC_WARN_UNUSED_FUNCTION = YES;
				GCC_WARN_UNUSED_VARIABLE = YES;
				MACOSX_DEPLOYMENT_TARGET = 10.15;
				MTL_ENABLE_DEBUG_INFO = INCLUDE_SOURCE;
				MTL_FAST_MATH = YES;
				ONLY_ACTIVE_ARCH = YES;
				SDKROOT = macosx;
			};
			name = Debug;
		};
		4019738325C8167800ED880B /* Release */ = {
			isa = XCBuildConfiguration;
			buildSettings = {
				ALWAYS_SEARCH_USER_PATHS = NO;
				CLANG_ANALYZER_NONNULL = YES;
				CLANG_ANALYZER_NUMBER_OBJECT_CONVERSION = YES_AGGRESSIVE;
				CLANG_CXX_LANGUAGE_STANDARD = "gnu++14";
				CLANG_CXX_LIBRARY = "libc++";
				CLANG_ENABLE_MODULES = YES;
				CLANG_ENABLE_OBJC_ARC = YES;
				CLANG_ENABLE_OBJC_WEAK = YES;
				CLANG_WARN_BLOCK_CAPTURE_AUTORELEASING = YES;
				CLANG_WARN_BOOL_CONVERSION = YES;
				CLANG_WARN_COMMA = YES;
				CLANG_WARN_CONSTANT_CONVERSION = YES;
				CLANG_WARN_DEPRECATED_OBJC_IMPLEMENTATIONS = YES;
				CLANG_WARN_DIRECT_OBJC_ISA_USAGE = YES_ERROR;
				CLANG_WARN_DOCUMENTATION_COMMENTS = YES;
				CLANG_WARN_EMPTY_BODY = YES;
				CLANG_WARN_ENUM_CONVERSION = YES;
				CLANG_WARN_INFINITE_RECURSION = YES;
				CLANG_WARN_INT_CONVERSION = YES;
				CLANG_WARN_NON_LITERAL_NULL_CONVERSION = YES;
				CLANG_WARN_OBJC_IMPLICIT_RETAIN_SELF = YES;
				CLANG_WARN_OBJC_LITERAL_CONVERSION = YES;
				CLANG_WARN_OBJC_ROOT_CLASS = YES_ERROR;
				CLANG_WARN_RANGE_LOOP_ANALYSIS = YES;
				CLANG_WARN_STRICT_PROTOTYPES = YES;
				CLANG_WARN_SUSPICIOUS_MOVE = YES;
				CLANG_WARN_UNGUARDED_AVAILABILITY = YES_AGGRESSIVE;
				CLANG_WARN_UNREACHABLE_CODE = YES;
				CLANG_WARN__DUPLICATE_METHOD_MATCH = YES;
				COPY_PHASE_STRIP = NO;
				DEBUG_INFORMATION_FORMAT = "dwarf-with-dsym";
				ENABLE_NS_ASSERTIONS = NO;
				ENABLE_STRICT_OBJC_MSGSEND = YES;
				GCC_C_LANGUAGE_STANDARD = gnu11;
				GCC_NO_COMMON_BLOCKS = YES;
				GCC_WARN_64_TO_32_BIT_CONVERSION = YES;
				GCC_WARN_ABOUT_RETURN_TYPE = YES_ERROR;
				GCC_WARN_UNDECLARED_SELECTOR = YES;
				GCC_WARN_UNINITIALIZED_AUTOS = YES_AGGRESSIVE;
				GCC_WARN_UNUSED_FUNCTION = YES;
				GCC_WARN_UNUSED_VARIABLE = YES;
				MACOSX_DEPLOYMENT_TARGET = 10.15;
				MTL_ENABLE_DEBUG_INFO = NO;
				MTL_FAST_MATH = YES;
				SDKROOT = macosx;
			};
			name = Release;
		};
		4019738525C8167800ED880B /* Debug */ = {
			isa = XCBuildConfiguration;
			buildSettings = {
				CODE_SIGN_STYLE = Automatic;
				DEVELOPMENT_TEAM = XBZR8NF32N;
				ENABLE_HARDENED_RUNTIME = YES;
				PRODUCT_NAME = "$(TARGET_NAME)";
			};
			name = Debug;
		};
		4019738625C8167800ED880B /* Release */ = {
			isa = XCBuildConfiguration;
			buildSettings = {
				CODE_SIGN_STYLE = Automatic;
				DEVELOPMENT_TEAM = XBZR8NF32N;
				ENABLE_HARDENED_RUNTIME = YES;
				PRODUCT_NAME = "$(TARGET_NAME)";
			};
			name = Release;
		};
		4019739225C81A9700ED880B /* Debug */ = {
			isa = XCBuildConfiguration;
			buildSettings = {
				CODE_SIGN_STYLE = Automatic;
				DEVELOPMENT_TEAM = XBZR8NF32N;
				ENABLE_HARDENED_RUNTIME = YES;
				PRODUCT_NAME = "$(TARGET_NAME)";
			};
			name = Debug;
		};
		4019739325C81A9700ED880B /* Release */ = {
			isa = XCBuildConfiguration;
			buildSettings = {
				CODE_SIGN_STYLE = Automatic;
				DEVELOPMENT_TEAM = XBZR8NF32N;
				ENABLE_HARDENED_RUNTIME = YES;
				PRODUCT_NAME = "$(TARGET_NAME)";
			};
			name = Release;
		};
		403AD28D25C93B45000F63A2 /* Debug */ = {
			isa = XCBuildConfiguration;
			buildSettings = {
				CODE_SIGN_STYLE = Automatic;
				DEVELOPMENT_TEAM = XBZR8NF32N;
				ENABLE_HARDENED_RUNTIME = YES;
				PRODUCT_NAME = "$(TARGET_NAME)";
			};
			name = Debug;
		};
		403AD28E25C93B45000F63A2 /* Release */ = {
			isa = XCBuildConfiguration;
			buildSettings = {
				CODE_SIGN_STYLE = Automatic;
				DEVELOPMENT_TEAM = XBZR8NF32N;
				ENABLE_HARDENED_RUNTIME = YES;
				PRODUCT_NAME = "$(TARGET_NAME)";
			};
			name = Release;
		};
/* End XCBuildConfiguration section */

/* Begin XCConfigurationList section */
		4019737825C8167800ED880B /* Build configuration list for PBXProject "OCMemoryAnalysis" */ = {
			isa = XCConfigurationList;
			buildConfigurations = (
				4019738225C8167800ED880B /* Debug */,
				4019738325C8167800ED880B /* Release */,
			);
			defaultConfigurationIsVisible = 0;
			defaultConfigurationName = Release;
		};
		4019738425C8167800ED880B /* Build configuration list for PBXNativeTarget "NSObjectAnalysis" */ = {
			isa = XCConfigurationList;
			buildConfigurations = (
				4019738525C8167800ED880B /* Debug */,
				4019738625C8167800ED880B /* Release */,
			);
			defaultConfigurationIsVisible = 0;
			defaultConfigurationName = Release;
		};
		4019739125C81A9700ED880B /* Build configuration list for PBXNativeTarget "NSObjectSubAnalysis" */ = {
			isa = XCConfigurationList;
			buildConfigurations = (
				4019739225C81A9700ED880B /* Debug */,
				4019739325C81A9700ED880B /* Release */,
			);
			defaultConfigurationIsVisible = 0;
			defaultConfigurationName = Release;
		};
		403AD28F25C93B45000F63A2 /* Build configuration list for PBXNativeTarget "NSStringAnalysis" */ = {
			isa = XCConfigurationList;
			buildConfigurations = (
				403AD28D25C93B45000F63A2 /* Debug */,
				403AD28E25C93B45000F63A2 /* Release */,
			);
			defaultConfigurationIsVisible = 0;
			defaultConfigurationName = Release;
		};
/* End XCConfigurationList section */
	};
	rootObject = 4019737525C8167800ED880B /* Project object */;
}
